
Microsoft Visual Studio Solution File, Format Version 12.00
# Visual Studio Version 16
VisualStudioVersion = 16.0.31025.194
MinimumVisualStudioVersion = 10.0.40219.1
Project("{9A19103F-16F7-4668-BE54-9A1E7A4F7556}") = "MeetingRoomBooking", "MeetingRommBooking\MeetingRoomBooking.csproj", "{2EFA30BA-9C9F-4344-8943-2F091E8C34E7}"
EndProject
Project("{9A19103F-16F7-4668-BE54-9A1E7A4F7556}") = "MeetingRoomBookingAPI", "MeetingRoomBookingAPI\MeetingRoomBookingAPI.csproj", "{989F6507-A272-47F5-8C6B-15EC93A55B6F}"
EndProject
Project("{FAE04EC0-301F-11D3-BF4B-00C04F79EFBC}") = "API Unit Test", "API Unit Test\API Unit Test.csproj", "{ACE60167-5756-4BDF-8591-53F7AF7BBC90}"
EndProject
Project("{FAE04EC0-301F-11D3-BF4B-00C04F79EFBC}") = "DataLayer", "DataLayer\DataLayer.csproj", "{003FCFB4-B709-4C47-853B-1C60C5D87C7B}"
EndProject
Project("{FAE04EC0-301F-11D3-BF4B-00C04F79EFBC}") = "BusinessLayer", "BusinessLayer\BusinessLayer.csproj", "{F21530DB-A3AC-4E51-8DA2-199B7BF551A2}"
EndProject
Global
	GlobalSection(SolutionConfigurationPlatforms) = preSolution
		Debug|Any CPU = Debug|Any CPU
		Release|Any CPU = Release|Any CPU
	EndGlobalSection
	GlobalSection(ProjectConfigurationPlatforms) = postSolution
		{2EFA30BA-9C9F-4344-8943-2F091E8C34E7}.Debug|Any CPU.ActiveCfg = Debug|Any CPU
		{2EFA30BA-9C9F-4344-8943-2F091E8C34E7}.Debug|Any CPU.Build.0 = Debug|Any CPU
		{2EFA30BA-9C9F-4344-8943-2F091E8C34E7}.Release|Any CPU.ActiveCfg = Release|Any CPU
		{2EFA30BA-9C9F-4344-8943-2F091E8C34E7}.Release|Any CPU.Build.0 = Release|Any CPU
		{989F6507-A272-47F5-8C6B-15EC93A55B6F}.Debug|Any CPU.ActiveCfg = Debug|Any CPU
		{989F6507-A272-47F5-8C6B-15EC93A55B6F}.Debug|Any CPU.Build.0 = Debug|Any CPU
		{989F6507-A272-47F5-8C6B-15EC93A55B6F}.Release|Any CPU.ActiveCfg = Release|Any CPU
		{989F6507-A272-47F5-8C6B-15EC93A55B6F}.Release|Any CPU.Build.0 = Release|Any CPU
		{ACE60167-5756-4BDF-8591-53F7AF7BBC90}.Debug|Any CPU.ActiveCfg = Debug|Any CPU
		{ACE60167-5756-4BDF-8591-53F7AF7BBC90}.Debug|Any CPU.Build.0 = Debug|Any CPU
		{ACE60167-5756-4BDF-8591-53F7AF7BBC90}.Release|Any CPU.ActiveCfg = Release|Any CPU
		{ACE60167-5756-4BDF-8591-53F7AF7BBC90}.Release|Any CPU.Build.0 = Release|Any CPU
		{003FCFB4-B709-4C47-853B-1C60C5D87C7B}.Debug|Any CPU.ActiveCfg = Debug|Any CPU
		{003FCFB4-B709-4C47-853B-1C60C5D87C7B}.Debug|Any CPU.Build.0 = Debug|Any CPU
		{003FCFB4-B709-4C47-853B-1C60C5D87C7B}.Release|Any CPU.ActiveCfg = Release|Any CPU
		{003FCFB4-B709-4C47-853B-1C60C5D87C7B}.Release|Any CPU.Build.0 = Release|Any CPU
		{F21530DB-A3AC-4E51-8DA2-199B7BF551A2}.Debug|Any CPU.ActiveCfg = Debug|Any CPU
		{F21530DB-A3AC-4E51-8DA2-199B7BF551A2}.Debug|Any CPU.Build.0 = Debug|Any CPU
		{F21530DB-A3AC-4E51-8DA2-199B7BF551A2}.Release|Any CPU.ActiveCfg = Release|Any CPU
		{F21530DB-A3AC-4E51-8DA2-199B7BF551A2}.Release|Any CPU.Build.0 = Release|Any CPU
	EndGlobalSection
	GlobalSection(SolutionProperties) = preSolution
		HideSolutionNode = FALSE
	EndGlobalSection
	GlobalSection(ExtensibilityGlobals) = postSolution
		SolutionGuid = {E5F559AF-50C1-4D06-85CF-CBE47689CAC1}
	EndGlobalSection
EndGlobal
